
Microsoft Visual Studio Solution File, Format Version 12.00
# Visual Studio Version 17
VisualStudioVersion = 17.12.35521.163
MinimumVisualStudioVersion = 10.0.40219.1
Project("{FAE04EC0-301F-11D3-BF4B-00C04F79EFBC}") = "TestAPI", "TestAPI\TestAPI.csproj", "{B2532D32-4944-4495-8563-9D4C8CFE786E}"
EndProject
Project("{FAE04EC0-301F-11D3-BF4B-00C04F79EFBC}") = "DAL", "DAL\DAL.csproj", "{C74AA9F3-338B-4288-9DD9-BA373F217DFC}"
EndProject
Project("{FAE04EC0-301F-11D3-BF4B-00C04F79EFBC}") = "BLL", "BLL\BLL.csproj", "{DBD3189E-91CA-400D-9278-59EA0A0E08ED}"
EndProject
Project("{54A90642-561A-4BB1-A94E-469ADEE60C69}") = "VideoGameApp", "VideoGameApp\VideoGameApp.esproj", "{C2CFA63A-159F-4107-9F18-2BE05AA31197}"
EndProject
Project("{2150E333-8FDC-42A3-9474-1A3956D46DE8}") = "VideoGameServer", "VideoGameServer", "{EDE45FFD-F446-4AF6-BDD4-9FDC699E6254}"
EndProject
Global
	GlobalSection(SolutionConfigurationPlatforms) = preSolution
		Debug|Any CPU = Debug|Any CPU
		Release|Any CPU = Release|Any CPU
	EndGlobalSection
	GlobalSection(ProjectConfigurationPlatforms) = postSolution
		{B2532D32-4944-4495-8563-9D4C8CFE786E}.Debug|Any CPU.ActiveCfg = Debug|Any CPU
		{B2532D32-4944-4495-8563-9D4C8CFE786E}.Debug|Any CPU.Build.0 = Debug|Any CPU
		{B2532D32-4944-4495-8563-9D4C8CFE786E}.Release|Any CPU.ActiveCfg = Release|Any CPU
		{B2532D32-4944-4495-8563-9D4C8CFE786E}.Release|Any CPU.Build.0 = Release|Any CPU
		{C74AA9F3-338B-4288-9DD9-BA373F217DFC}.Debug|Any CPU.ActiveCfg = Debug|Any CPU
		{C74AA9F3-338B-4288-9DD9-BA373F217DFC}.Debug|Any CPU.Build.0 = Debug|Any CPU
		{C74AA9F3-338B-4288-9DD9-BA373F217DFC}.Release|Any CPU.ActiveCfg = Release|Any CPU
		{C74AA9F3-338B-4288-9DD9-BA373F217DFC}.Release|Any CPU.Build.0 = Release|Any CPU
		{DBD3189E-91CA-400D-9278-59EA0A0E08ED}.Debug|Any CPU.ActiveCfg = Debug|Any CPU
		{DBD3189E-91CA-400D-9278-59EA0A0E08ED}.Debug|Any CPU.Build.0 = Debug|Any CPU
		{DBD3189E-91CA-400D-9278-59EA0A0E08ED}.Release|Any CPU.ActiveCfg = Release|Any CPU
		{DBD3189E-91CA-400D-9278-59EA0A0E08ED}.Release|Any CPU.Build.0 = Release|Any CPU
		{C2CFA63A-159F-4107-9F18-2BE05AA31197}.Debug|Any CPU.ActiveCfg = Debug|Any CPU
		{C2CFA63A-159F-4107-9F18-2BE05AA31197}.Debug|Any CPU.Build.0 = Debug|Any CPU
		{C2CFA63A-159F-4107-9F18-2BE05AA31197}.Debug|Any CPU.Deploy.0 = Debug|Any CPU
		{C2CFA63A-159F-4107-9F18-2BE05AA31197}.Release|Any CPU.ActiveCfg = Release|Any CPU
		{C2CFA63A-159F-4107-9F18-2BE05AA31197}.Release|Any CPU.Build.0 = Release|Any CPU
		{C2CFA63A-159F-4107-9F18-2BE05AA31197}.Release|Any CPU.Deploy.0 = Release|Any CPU
	EndGlobalSection
	GlobalSection(SolutionProperties) = preSolution
		HideSolutionNode = FALSE
	EndGlobalSection
	GlobalSection(NestedProjects) = preSolution
		{B2532D32-4944-4495-8563-9D4C8CFE786E} = {EDE45FFD-F446-4AF6-BDD4-9FDC699E6254}
		{C74AA9F3-338B-4288-9DD9-BA373F217DFC} = {EDE45FFD-F446-4AF6-BDD4-9FDC699E6254}
		{DBD3189E-91CA-400D-9278-59EA0A0E08ED} = {EDE45FFD-F446-4AF6-BDD4-9FDC699E6254}
	EndGlobalSection
EndGlobal
